// !$*UTF8*$!
{
	archiveVersion = 1;
	classes = {
	};
	objectVersion = 50;
	objects = {

/* Begin PBXBuildFile section */
		4EBBF6922557219C006C7CEC /* AppDelegate.swift in Sources */ = {isa = PBXBuildFile; fileRef = 4EBBF6912557219C006C7CEC /* AppDelegate.swift */; };
		4EBBF6942557219C006C7CEC /* SceneDelegate.swift in Sources */ = {isa = PBXBuildFile; fileRef = 4EBBF6932557219C006C7CEC /* SceneDelegate.swift */; };
		4EBBF6962557219C006C7CEC /* ViewController.swift in Sources */ = {isa = PBXBuildFile; fileRef = 4EBBF6952557219C006C7CEC /* ViewController.swift */; };
		4EBBF6992557219C006C7CEC /* Main.storyboard in Resources */ = {isa = PBXBuildFile; fileRef = 4EBBF6972557219C006C7CEC /* Main.storyboard */; };
		4EBBF69B2557219E006C7CEC /* Assets.xcassets in Resources */ = {isa = PBXBuildFile; fileRef = 4EBBF69A2557219E006C7CEC /* Assets.xcassets */; };
		4EBBF69E2557219E006C7CEC /* LaunchScreen.storyboard in Resources */ = {isa = PBXBuildFile; fileRef = 4EBBF69C2557219E006C7CEC /* LaunchScreen.storyboard */; };
		4EBBF6A92557219F006C7CEC /* FlipCardsTests.swift in Sources */ = {isa = PBXBuildFile; fileRef = 4EBBF6A82557219F006C7CEC /* FlipCardsTests.swift */; };
		4EBBF6B42557219F006C7CEC /* FlipCardsUITests.swift in Sources */ = {isa = PBXBuildFile; fileRef = 4EBBF6B32557219F006C7CEC /* FlipCardsUITests.swift */; };
/* End PBXBuildFile section */

/* Begin PBXContainerItemProxy section */
		4EBBF6A52557219F006C7CEC /* PBXContainerItemProxy */ = {
			isa = PBXContainerItemProxy;
			containerPortal = 4EBBF6862557219B006C7CEC /* Project object */;
			proxyType = 1;
			remoteGlobalIDString = 4EBBF68D2557219B006C7CEC;
			remoteInfo = FlipCards;
		};
		4EBBF6B02557219F006C7CEC /* PBXContainerItemProxy */ = {
			isa = PBXContainerItemProxy;
			containerPortal = 4EBBF6862557219B006C7CEC /* Project object */;
			proxyType = 1;
			remoteGlobalIDString = 4EBBF68D2557219B006C7CEC;
			remoteInfo = FlipCards;
		};
/* End PBXContainerItemProxy section */

/* Begin PBXFileReference section */
		4EBBF68E2557219B006C7CEC /* FlipCards.app */ = {isa = PBXFileReference; explicitFileType = wrapper.application; includeInIndex = 0; path = FlipCards.app; sourceTree = BUILT_PRODUCTS_DIR; };
		4EBBF6912557219C006C7CEC /* AppDelegate.swift */ = {isa = PBXFileReference; lastKnownFileType = sourcecode.swift; path = AppDelegate.swift; sourceTree = "<group>"; };
		4EBBF6932557219C006C7CEC /* SceneDelegate.swift */ = {isa = PBXFileReference; lastKnownFileType = sourcecode.swift; path = SceneDelegate.swift; sourceTree = "<group>"; };
		4EBBF6952557219C006C7CEC /* ViewController.swift */ = {isa = PBXFileReference; lastKnownFileType = sourcecode.swift; path = ViewController.swift; sourceTree = "<group>"; };
		4EBBF6982557219C006C7CEC /* Base */ = {isa = PBXFileReference; lastKnownFileType = file.storyboard; name = Base; path = Base.lproj/Main.storyboard; sourceTree = "<group>"; };
		4EBBF69A2557219E006C7CEC /* Assets.xcassets */ = {isa = PBXFileReference; lastKnownFileType = folder.assetcatalog; path = Assets.xcassets; sourceTree = "<group>"; };
		4EBBF69D2557219E006C7CEC /* Base */ = {isa = PBXFileReference; lastKnownFileType = file.storyboard; name = Base; path = Base.lproj/LaunchScreen.storyboard; sourceTree = "<group>"; };
		4EBBF69F2557219E006C7CEC /* Info.plist */ = {isa = PBXFileReference; lastKnownFileType = text.plist.xml; path = Info.plist; sourceTree = "<group>"; };
		4EBBF6A42557219F006C7CEC /* FlipCardsTests.xctest */ = {isa = PBXFileReference; explicitFileType = wrapper.cfbundle; includeInIndex = 0; path = FlipCardsTests.xctest; sourceTree = BUILT_PRODUCTS_DIR; };
		4EBBF6A82557219F006C7CEC /* FlipCardsTests.swift */ = {isa = PBXFileReference; lastKnownFileType = sourcecode.swift; path = FlipCardsTests.swift; sourceTree = "<group>"; };
		4EBBF6AA2557219F006C7CEC /* Info.plist */ = {isa = PBXFileReference; lastKnownFileType = text.plist.xml; path = Info.plist; sourceTree = "<group>"; };
		4EBBF6AF2557219F006C7CEC /* FlipCardsUITests.xctest */ = {isa = PBXFileReference; explicitFileType = wrapper.cfbundle; includeInIndex = 0; path = FlipCardsUITests.xctest; sourceTree = BUILT_PRODUCTS_DIR; };
		4EBBF6B32557219F006C7CEC /* FlipCardsUITests.swift */ = {isa = PBXFileReference; lastKnownFileType = sourcecode.swift; path = FlipCardsUITests.swift; sourceTree = "<group>"; };
		4EBBF6B52557219F006C7CEC /* Info.plist */ = {isa = PBXFileReference; lastKnownFileType = text.plist.xml; path = Info.plist; sourceTree = "<group>"; };
/* End PBXFileReference section */

/* Begin PBXFrameworksBuildPhase section */
		4EBBF68B2557219B006C7CEC /* Frameworks */ = {
			isa = PBXFrameworksBuildPhase;
			buildActionMask = 2147483647;
			files = (
			);
			runOnlyForDeploymentPostprocessing = 0;
		};
		4EBBF6A12557219F006C7CEC /* Frameworks */ = {
			isa = PBXFrameworksBuildPhase;
			buildActionMask = 2147483647;
			files = (
			);
			runOnlyForDeploymentPostprocessing = 0;
		};
		4EBBF6AC2557219F006C7CEC /* Frameworks */ = {
			isa = PBXFrameworksBuildPhase;
			buildActionMask = 2147483647;
			files = (
			);
			runOnlyForDeploymentPostprocessing = 0;
		};
/* End PBXFrameworksBuildPhase section */

/* Begin PBXGroup section */
		4EBBF6852557219B006C7CEC = {
			isa = PBXGroup;
			children = (
				4EBBF6902557219B006C7CEC /* FlipCards */,
				4EBBF6A72557219F006C7CEC /* FlipCardsTests */,
				4EBBF6B22557219F006C7CEC /* FlipCardsUITests */,
				4EBBF68F2557219B006C7CEC /* Products */,
			);
			sourceTree = "<group>";
		};
		4EBBF68F2557219B006C7CEC /* Products */ = {
			isa = PBXGroup;
			children = (
				4EBBF68E2557219B006C7CEC /* FlipCards.app */,
				4EBBF6A42557219F006C7CEC /* FlipCardsTests.xctest */,
				4EBBF6AF2557219F006C7CEC /* FlipCardsUITests.xctest */,
			);
			name = Products;
			sourceTree = "<group>";
		};
		4EBBF6902557219B006C7CEC /* FlipCards */ = {
			isa = PBXGroup;
			children = (
				4EBBF6912557219C006C7CEC /* AppDelegate.swift */,
				4EBBF6932557219C006C7CEC /* SceneDelegate.swift */,
				4EBBF6952557219C006C7CEC /* ViewController.swift */,
				4EBBF6972557219C006C7CEC /* Main.storyboard */,
				4EBBF69A2557219E006C7CEC /* Assets.xcassets */,
				4EBBF69C2557219E006C7CEC /* LaunchScreen.storyboard */,
				4EBBF69F2557219E006C7CEC /* Info.plist */,
			);
			path = FlipCards;
			sourceTree = "<group>";
		};
		4EBBF6A72557219F006C7CEC /* FlipCardsTests */ = {
			isa = PBXGroup;
			children = (
				4EBBF6A82557219F006C7CEC /* FlipCardsTests.swift */,
				4EBBF6AA2557219F006C7CEC /* Info.plist */,
			);
			path = FlipCardsTests;
			sourceTree = "<group>";
		};
		4EBBF6B22557219F006C7CEC /* FlipCardsUITests */ = {
			isa = PBXGroup;
			children = (
				4EBBF6B32557219F006C7CEC /* FlipCardsUITests.swift */,
				4EBBF6B52557219F006C7CEC /* Info.plist */,
			);
			path = FlipCardsUITests;
			sourceTree = "<group>";
		};
/* End PBXGroup section */

/* Begin PBXNativeTarget section */
		4EBBF68D2557219B006C7CEC /* FlipCards */ = {
			isa = PBXNativeTarget;
			buildConfigurationList = 4EBBF6B82557219F006C7CEC /* Build configuration list for PBXNativeTarget "FlipCards" */;
			buildPhases = (
				4EBBF68A2557219B006C7CEC /* Sources */,
				4EBBF68B2557219B006C7CEC /* Frameworks */,
				4EBBF68C2557219B006C7CEC /* Resources */,
			);
			buildRules = (
			);
			dependencies = (
			);
			name = FlipCards;
			productName = FlipCards;
			productReference = 4EBBF68E2557219B006C7CEC /* FlipCards.app */;
			productType = "com.apple.product-type.application";
		};
		4EBBF6A32557219F006C7CEC /* FlipCardsTests */ = {
			isa = PBXNativeTarget;
			buildConfigurationList = 4EBBF6BB2557219F006C7CEC /* Build configuration list for PBXNativeTarget "FlipCardsTests" */;
			buildPhases = (
				4EBBF6A02557219F006C7CEC /* Sources */,
				4EBBF6A12557219F006C7CEC /* Frameworks */,
				4EBBF6A22557219F006C7CEC /* Resources */,
			);
			buildRules = (
			);
			dependencies = (
				4EBBF6A62557219F006C7CEC /* PBXTargetDependency */,
			);
			name = FlipCardsTests;
			productName = FlipCardsTests;
			productReference = 4EBBF6A42557219F006C7CEC /* FlipCardsTests.xctest */;
			productType = "com.apple.product-type.bundle.unit-test";
		};
		4EBBF6AE2557219F006C7CEC /* FlipCardsUITests */ = {
			isa = PBXNativeTarget;
			buildConfigurationList = 4EBBF6BE2557219F006C7CEC /* Build configuration list for PBXNativeTarget "FlipCardsUITests" */;
			buildPhases = (
				4EBBF6AB2557219F006C7CEC /* Sources */,
				4EBBF6AC2557219F006C7CEC /* Frameworks */,
				4EBBF6AD2557219F006C7CEC /* Resources */,
			);
			buildRules = (
			);
			dependencies = (
				4EBBF6B12557219F006C7CEC /* PBXTargetDependency */,
			);
			name = FlipCardsUITests;
			productName = FlipCardsUITests;
			productReference = 4EBBF6AF2557219F006C7CEC /* FlipCardsUITests.xctest */;
			productType = "com.apple.product-type.bundle.ui-testing";
		};
/* End PBXNativeTarget section */

/* Begin PBXProject section */
		4EBBF6862557219B006C7CEC /* Project object */ = {
			isa = PBXProject;
			attributes = {
				LastSwiftUpdateCheck = 1210;
				LastUpgradeCheck = 1210;
				TargetAttributes = {
					4EBBF68D2557219B006C7CEC = {
						CreatedOnToolsVersion = 12.1;
					};
					4EBBF6A32557219F006C7CEC = {
						CreatedOnToolsVersion = 12.1;
						TestTargetID = 4EBBF68D2557219B006C7CEC;
					};
					4EBBF6AE2557219F006C7CEC = {
						CreatedOnToolsVersion = 12.1;
						TestTargetID = 4EBBF68D2557219B006C7CEC;
					};
				};
			};
			buildConfigurationList = 4EBBF6892557219B006C7CEC /* Build configuration list for PBXProject "FlipCards" */;
			compatibilityVersion = "Xcode 9.3";
			developmentRegion = en;
			hasScannedForEncodings = 0;
			knownRegions = (
				en,
				Base,
			);
			mainGroup = 4EBBF6852557219B006C7CEC;
			productRefGroup = 4EBBF68F2557219B006C7CEC /* Products */;
			projectDirPath = "";
			projectRoot = "";
			targets = (
				4EBBF68D2557219B006C7CEC /* FlipCards */,
				4EBBF6A32557219F006C7CEC /* FlipCardsTests */,
				4EBBF6AE2557219F006C7CEC /* FlipCardsUITests */,
			);
		};
/* End PBXProject section */

/* Begin PBXResourcesBuildPhase section */
		4EBBF68C2557219B006C7CEC /* Resources */ = {
			isa = PBXResourcesBuildPhase;
			buildActionMask = 2147483647;
			files = (
				4EBBF69E2557219E006C7CEC /* LaunchScreen.storyboard in Resources */,
				4EBBF69B2557219E006C7CEC /* Assets.xcassets in Resources */,
				4EBBF6992557219C006C7CEC /* Main.storyboard in Resources */,
			);
			runOnlyForDeploymentPostprocessing = 0;
		};
		4EBBF6A22557219F006C7CEC /* Resources */ = {
			isa = PBXResourcesBuildPhase;
			buildActionMask = 2147483647;
			files = (
			);
			runOnlyForDeploymentPostprocessing = 0;
		};
		4EBBF6AD2557219F006C7CEC /* Resources */ = {
			isa = PBXResourcesBuildPhase;
			buildActionMask = 2147483647;
			files = (
			);
			runOnlyForDeploymentPostprocessing = 0;
		};
/* End PBXResourcesBuildPhase section */

/* Begin PBXSourcesBuildPhase section */
		4EBBF68A2557219B006C7CEC /* Sources */ = {
			isa = PBXSourcesBuildPhase;
			buildActionMask = 2147483647;
			files = (
				4EBBF6962557219C006C7CEC /* ViewController.swift in Sources */,
				4EBBF6922557219C006C7CEC /* AppDelegate.swift in Sources */,
				4EBBF6942557219C006C7CEC /* SceneDelegate.swift in Sources */,
			);
			runOnlyForDeploymentPostprocessing = 0;
		};
		4EBBF6A02557219F006C7CEC /* Sources */ = {
			isa = PBXSourcesBuildPhase;
			buildActionMask = 2147483647;
			files = (
				4EBBF6A92557219F006C7CEC /* FlipCardsTests.swift in Sources */,
			);
			runOnlyForDeploymentPostprocessing = 0;
		};
		4EBBF6AB2557219F006C7CEC /* Sources */ = {
			isa = PBXSourcesBuildPhase;
			buildActionMask = 2147483647;
			files = (
				4EBBF6B42557219F006C7CEC /* FlipCardsUITests.swift in Sources */,
			);
			runOnlyForDeploymentPostprocessing = 0;
		};
/* End PBXSourcesBuildPhase section */

/* Begin PBXTargetDependency section */
		4EBBF6A62557219F006C7CEC /* PBXTargetDependency */ = {
			isa = PBXTargetDependency;
			target = 4EBBF68D2557219B006C7CEC /* FlipCards */;
			targetProxy = 4EBBF6A52557219F006C7CEC /* PBXContainerItemProxy */;
		};
		4EBBF6B12557219F006C7CEC /* PBXTargetDependency */ = {
			isa = PBXTargetDependency;
			target = 4EBBF68D2557219B006C7CEC /* FlipCards */;
			targetProxy = 4EBBF6B02557219F006C7CEC /* PBXContainerItemProxy */;
		};
/* End PBXTargetDependency section */

/* Begin PBXVariantGroup section */
		4EBBF6972557219C006C7CEC /* Main.storyboard */ = {
			isa = PBXVariantGroup;
			children = (
				4EBBF6982557219C006C7CEC /* Base */,
			);
			name = Main.storyboard;
			sourceTree = "<group>";
		};
		4EBBF69C2557219E006C7CEC /* LaunchScreen.storyboard */ = {
			isa = PBXVariantGroup;
			children = (
				4EBBF69D2557219E006C7CEC /* Base */,
			);
			name = LaunchScreen.storyboard;
			sourceTree = "<group>";
		};
/* End PBXVariantGroup section */

/* Begin XCBuildConfiguration section */
		4EBBF6B62557219F006C7CEC /* Debug */ = {
			isa = XCBuildConfiguration;
			buildSettings = {
				ALWAYS_SEARCH_USER_PATHS = NO;
				CLANG_ANALYZER_NONNULL = YES;
				CLANG_ANALYZER_NUMBER_OBJECT_CONVERSION = YES_AGGRESSIVE;
				CLANG_CXX_LANGUAGE_STANDARD = "gnu++14";
				CLANG_CXX_LIBRARY = "libc++";
				CLANG_ENABLE_MODULES = YES;
				CLANG_ENABLE_OBJC_ARC = YES;
				CLANG_ENABLE_OBJC_WEAK = YES;
				CLANG_WARN_BLOCK_CAPTURE_AUTORELEASING = YES;
				CLANG_WARN_BOOL_CONVERSION = YES;
				CLANG_WARN_COMMA = YES;
				CLANG_WARN_CONSTANT_CONVERSION = YES;
				CLANG_WARN_DEPRECATED_OBJC_IMPLEMENTATIONS = YES;
				CLANG_WARN_DIRECT_OBJC_ISA_USAGE = YES_ERROR;
				CLANG_WARN_DOCUMENTATION_COMMENTS = YES;
				CLANG_WARN_EMPTY_BODY = YES;
				CLANG_WARN_ENUM_CONVERSION = YES;
				CLANG_WARN_INFINITE_RECURSION = YES;
				CLANG_WARN_INT_CONVERSION = YES;
				CLANG_WARN_NON_LITERAL_NULL_CONVERSION = YES;
				CLANG_WARN_OBJC_IMPLICIT_RETAIN_SELF = YES;
				CLANG_WARN_OBJC_LITERAL_CONVERSION = YES;
				CLANG_WARN_OBJC_ROOT_CLASS = YES_ERROR;
				CLANG_WARN_QUOTED_INCLUDE_IN_FRAMEWORK_HEADER = YES;
				CLANG_WARN_RANGE_LOOP_ANALYSIS = YES;
				CLANG_WARN_STRICT_PROTOTYPES = YES;
				CLANG_WARN_SUSPICIOUS_MOVE = YES;
				CLANG_WARN_UNGUARDED_AVAILABILITY = YES_AGGRESSIVE;
				CLANG_WARN_UNREACHABLE_CODE = YES;
				CLANG_WARN__DUPLICATE_METHOD_MATCH = YES;
				COPY_PHASE_STRIP = NO;
				DEBUG_INFORMATION_FORMAT = dwarf;
				ENABLE_STRICT_OBJC_MSGSEND = YES;
				ENABLE_TESTABILITY = YES;
				GCC_C_LANGUAGE_STANDARD = gnu11;
				GCC_DYNAMIC_NO_PIC = NO;
				GCC_NO_COMMON_BLOCKS = YES;
				GCC_OPTIMIZATION_LEVEL = 0;
				GCC_PREPROCESSOR_DEFINITIONS = (
					"DEBUG=1",
					"$(inherited)",
				);
				GCC_WARN_64_TO_32_BIT_CONVERSION = YES;
				GCC_WARN_ABOUT_RETURN_TYPE = YES_ERROR;
				GCC_WARN_UNDECLARED_SELECTOR = YES;
				GCC_WARN_UNINITIALIZED_AUTOS = YES_AGGRESSIVE;
				GCC_WARN_UNUSED_FUNCTION = YES;
				GCC_WARN_UNUSED_VARIABLE = YES;
				IPHONEOS_DEPLOYMENT_TARGET = 14.1;
				MTL_ENABLE_DEBUG_INFO = INCLUDE_SOURCE;
				MTL_FAST_MATH = YES;
				ONLY_ACTIVE_ARCH = YES;
				SDKROOT = iphoneos;
				SWIFT_ACTIVE_COMPILATION_CONDITIONS = DEBUG;
				SWIFT_OPTIMIZATION_LEVEL = "-Onone";
			};
			name = Debug;
		};
		4EBBF6B72557219F006C7CEC /* Release */ = {
			isa = XCBuildConfiguration;
			buildSettings = {
				ALWAYS_SEARCH_USER_PATHS = NO;
				CLANG_ANALYZER_NONNULL = YES;
				CLANG_ANALYZER_NUMBER_OBJECT_CONVERSION = YES_AGGRESSIVE;
				CLANG_CXX_LANGUAGE_STANDARD = "gnu++14";
				CLANG_CXX_LIBRARY = "libc++";
				CLANG_ENABLE_MODULES = YES;
				CLANG_ENABLE_OBJC_ARC = YES;
				CLANG_ENABLE_OBJC_WEAK = YES;
				CLANG_WARN_BLOCK_CAPTURE_AUTORELEASING = YES;
				CLANG_WARN_BOOL_CONVERSION = YES;
				CLANG_WARN_COMMA = YES;
				CLANG_WARN_CONSTANT_CONVERSION = YES;
				CLANG_WARN_DEPRECATED_OBJC_IMPLEMENTATIONS = YES;
				CLANG_WARN_DIRECT_OBJC_ISA_USAGE = YES_ERROR;
				CLANG_WARN_DOCUMENTATION_COMMENTS = YES;
				CLANG_WARN_EMPTY_BODY = YES;
				CLANG_WARN_ENUM_CONVERSION = YES;
				CLANG_WARN_INFINITE_RECURSION = YES;
				CLANG_WARN_INT_CONVERSION = YES;
				CLANG_WARN_NON_LITERAL_NULL_CONVERSION = YES;
				CLANG_WARN_OBJC_IMPLICIT_RETAIN_SELF = YES;
				CLANG_WARN_OBJC_LITERAL_CONVERSION = YES;
				CLANG_WARN_OBJC_ROOT_CLASS = YES_ERROR;
				CLANG_WARN_QUOTED_INCLUDE_IN_FRAMEWORK_HEADER = YES;
				CLANG_WARN_RANGE_LOOP_ANALYSIS = YES;
				CLANG_WARN_STRICT_PROTOTYPES = YES;
				CLANG_WARN_SUSPICIOUS_MOVE = YES;
				CLANG_WARN_UNGUARDED_AVAILABILITY = YES_AGGRESSIVE;
				CLANG_WARN_UNREACHABLE_CODE = YES;
				CLANG_WARN__DUPLICATE_METHOD_MATCH = YES;
				COPY_PHASE_STRIP = NO;
				DEBUG_INFORMATION_FORMAT = "dwarf-with-dsym";
				ENABLE_NS_ASSERTIONS = NO;
				ENABLE_STRICT_OBJC_MSGSEND = YES;
				GCC_C_LANGUAGE_STANDARD = gnu11;
				GCC_NO_COMMON_BLOCKS = YES;
				GCC_WARN_64_TO_32_BIT_CONVERSION = YES;
				GCC_WARN_ABOUT_RETURN_TYPE = YES_ERROR;
				GCC_WARN_UNDECLARED_SELECTOR = YES;
				GCC_WARN_UNINITIALIZED_AUTOS = YES_AGGRESSIVE;
				GCC_WARN_UNUSED_FUNCTION = YES;
				GCC_WARN_UNUSED_VARIABLE = YES;
				IPHONEOS_DEPLOYMENT_TARGET = 14.1;
				MTL_ENABLE_DEBUG_INFO = NO;
				MTL_FAST_MATH = YES;
				SDKROOT = iphoneos;
				SWIFT_COMPILATION_MODE = wholemodule;
				SWIFT_OPTIMIZATION_LEVEL = "-O";
				VALIDATE_PRODUCT = YES;
			};
			name = Release;
		};
		4EBBF6B92557219F006C7CEC /* Debug */ = {
			isa = XCBuildConfiguration;
			buildSettings = {
				ASSETCATALOG_COMPILER_APPICON_NAME = AppIcon;
				ASSETCATALOG_COMPILER_GLOBAL_ACCENT_COLOR_NAME = AccentColor;
				CODE_SIGN_STYLE = Automatic;
				INFOPLIST_FILE = FlipCards/Info.plist;
				LD_RUNPATH_SEARCH_PATHS = (
					"$(inherited)",
					"@executable_path/Frameworks",
				);
				PRODUCT_BUNDLE_IDENTIFIER = self.edu.concentration.FlipCards;
				PRODUCT_NAME = "$(TARGET_NAME)";
				SWIFT_VERSION = 5.0;
				TARGETED_DEVICE_FAMILY = "1,2";
			};
			name = Debug;
		};
		4EBBF6BA2557219F006C7CEC /* Release */ = {
			isa = XCBuildConfiguration;
			buildSettings = {
				ASSETCATALOG_COMPILER_APPICON_NAME = AppIcon;
				ASSETCATALOG_COMPILER_GLOBAL_ACCENT_COLOR_NAME = AccentColor;
				CODE_SIGN_STYLE = Automatic;
				INFOPLIST_FILE = FlipCards/Info.plist;
				LD_RUNPATH_SEARCH_PATHS = (
					"$(inherited)",
					"@executable_path/Frameworks",
				);
				PRODUCT_BUNDLE_IDENTIFIER = self.edu.concentration.FlipCards;
				PRODUCT_NAME = "$(TARGET_NAME)";
				SWIFT_VERSION = 5.0;
				TARGETED_DEVICE_FAMILY = "1,2";
			};
			name = Release;
		};
		4EBBF6BC2557219F006C7CEC /* Debug */ = {
			isa = XCBuildConfiguration;
			buildSettings = {
				ALWAYS_EMBED_SWIFT_STANDARD_LIBRARIES = YES;
				BUNDLE_LOADER = "$(TEST_HOST)";
				CODE_SIGN_STYLE = Automatic;
				INFOPLIST_FILE = FlipCardsTests/Info.plist;
				IPHONEOS_DEPLOYMENT_TARGET = 14.1;
				LD_RUNPATH_SEARCH_PATHS = (
					"$(inherited)",
					"@executable_path/Frameworks",
					"@loader_path/Frameworks",
				);
				PRODUCT_BUNDLE_IDENTIFIER = self.edu.concentration.FlipCardsTests;
				PRODUCT_NAME = "$(TARGET_NAME)";
				SWIFT_VERSION = 5.0;
				TARGETED_DEVICE_FAMILY = "1,2";
				TEST_HOST = "$(BUILT_PRODUCTS_DIR)/FlipCards.app/FlipCards";
			};
			name = Debug;
		};
		4EBBF6BD2557219F006C7CEC /* Release */ = {
			isa = XCBuildConfiguration;
			buildSettings = {
				ALWAYS_EMBED_SWIFT_STANDARD_LIBRARIES = YES;
				BUNDLE_LOADER = "$(TEST_HOST)";
				CODE_SIGN_STYLE = Automatic;
				INFOPLIST_FILE = FlipCardsTests/Info.plist;
				IPHONEOS_DEPLOYMENT_TARGET = 14.1;
				LD_RUNPATH_SEARCH_PATHS = (
					"$(inherited)",
					"@executable_path/Frameworks",
					"@loader_path/Frameworks",
				);
				PRODUCT_BUNDLE_IDENTIFIER = self.edu.concentration.FlipCardsTests;
				PRODUCT_NAME = "$(TARGET_NAME)";
				SWIFT_VERSION = 5.0;
				TARGETED_DEVICE_FAMILY = "1,2";
				TEST_HOST = "$(BUILT_PRODUCTS_DIR)/FlipCards.app/FlipCards";
			};
			name = Release;
		};
		4EBBF6BF2557219F006C7CEC /* Debug */ = {
			isa = XCBuildConfiguration;
			buildSettings = {
				ALWAYS_EMBED_SWIFT_STANDARD_LIBRARIES = YES;
				CODE_SIGN_STYLE = Automatic;
				INFOPLIST_FILE = FlipCardsUITests/Info.plist;
				LD_RUNPATH_SEARCH_PATHS = (
					"$(inherited)",
					"@executable_path/Frameworks",
					"@loader_path/Frameworks",
				);
				PRODUCT_BUNDLE_IDENTIFIER = self.edu.concentration.FlipCardsUITests;
				PRODUCT_NAME = "$(TARGET_NAME)";
				SWIFT_VERSION = 5.0;
				TARGETED_DEVICE_FAMILY = "1,2";
				TEST_TARGET_NAME = FlipCards;
			};
			name = Debug;
		};
		4EBBF6C02557219F006C7CEC /* Release */ = {
			isa = XCBuildConfiguration;
			buildSettings = {
				ALWAYS_EMBED_SWIFT_STANDARD_LIBRARIES = YES;
				CODE_SIGN_STYLE = Automatic;
				INFOPLIST_FILE = FlipCardsUITests/Info.plist;
				LD_RUNPATH_SEARCH_PATHS = (
					"$(inherited)",
					"@executable_path/Frameworks",
					"@loader_path/Frameworks",
				);
				PRODUCT_BUNDLE_IDENTIFIER = self.edu.concentration.FlipCardsUITests;
				PRODUCT_NAME = "$(TARGET_NAME)";
				SWIFT_VERSION = 5.0;
				TARGETED_DEVICE_FAMILY = "1,2";
				TEST_TARGET_NAME = FlipCards;
			};
			name = Release;
		};
/* End XCBuildConfiguration section */

/* Begin XCConfigurationList section */
		4EBBF6892557219B006C7CEC /* Build configuration list for PBXProject "FlipCards" */ = {
			isa = XCConfigurationList;
			buildConfigurations = (
				4EBBF6B62557219F006C7CEC /* Debug */,
				4EBBF6B72557219F006C7CEC /* Release */,
			);
			defaultConfigurationIsVisible = 0;
			defaultConfigurationName = Release;
		};
		4EBBF6B82557219F006C7CEC /* Build configuration list for PBXNativeTarget "FlipCards" */ = {
			isa = XCConfigurationList;
			buildConfigurations = (
				4EBBF6B92557219F006C7CEC /* Debug */,
				4EBBF6BA2557219F006C7CEC /* Release */,
			);
			defaultConfigurationIsVisible = 0;
			defaultConfigurationName = Release;
		};
		4EBBF6BB2557219F006C7CEC /* Build configuration list for PBXNativeTarget "FlipCardsTests" */ = {
			isa = XCConfigurationList;
			buildConfigurations = (
				4EBBF6BC2557219F006C7CEC /* Debug */,
				4EBBF6BD2557219F006C7CEC /* Release */,
			);
			defaultConfigurationIsVisible = 0;
			defaultConfigurationName = Release;
		};
		4EBBF6BE2557219F006C7CEC /* Build configuration list for PBXNativeTarget "FlipCardsUITests" */ = {
			isa = XCConfigurationList;
			buildConfigurations = (
				4EBBF6BF2557219F006C7CEC /* Debug */,
				4EBBF6C02557219F006C7CEC /* Release */,
			);
			defaultConfigurationIsVisible = 0;
			defaultConfigurationName = Release;
		};
/* End XCConfigurationList section */
	};
	rootObject = 4EBBF6862557219B006C7CEC /* Project object */;
}
